
Microsoft Visual Studio Solution File, Format Version 12.00
# Visual Studio Version 17
VisualStudioVersion = 17.10.34916.146
MinimumVisualStudioVersion = 10.0.40219.1
Project("{FAE04EC0-301F-11D3-BF4B-00C04F79EFBC}") = "NsureProject", "NsureProject.csproj", "{0C96319B-BC0F-40CC-A28F-0191A8C2DB53}"
EndProject
Global
	GlobalSection(SolutionConfigurationPlatforms) = preSolution
		Debug|Any CPU = Debug|Any CPU
		Release|Any CPU = Release|Any CPU
	EndGlobalSection
	GlobalSection(ProjectConfigurationPlatforms) = postSolution
		{0C96319B-BC0F-40CC-A28F-0191A8C2DB53}.Debug|Any CPU.ActiveCfg = Debug|Any CPU
		{0C96319B-BC0F-40CC-A28F-0191A8C2DB53}.Debug|Any CPU.Build.0 = Debug|Any CPU
		{0C96319B-BC0F-40CC-A28F-0191A8C2DB53}.Release|Any CPU.ActiveCfg = Release|Any CPU
		{0C96319B-BC0F-40CC-A28F-0191A8C2DB53}.Release|Any CPU.Build.0 = Release|Any CPU
	EndGlobalSection
	GlobalSection(SolutionProperties) = preSolution
		HideSolutionNode = FALSE
	EndGlobalSection
	GlobalSection(ExtensibilityGlobals) = postSolution
		SolutionGuid = {B4E79C34-163B-46E4-B9BB-F0E1D2CDCBCC}
	EndGlobalSection
EndGlobal
